// !$*UTF8*$!
{
	archiveVersion = 1;
	classes = {
	};
	objectVersion = 46;
	objects = {

/* Begin PBXBuildFile section */
		6D926F0256DA76950969A119 /* Pods_SwaggerTestTask.framework in Frameworks */ = {isa = PBXBuildFile; fileRef = 472FB650A2769791C954C15C /* Pods_SwaggerTestTask.framework */; };
		840601BF1EE2D356000DF39A /* LoginViewController.swift in Sources */ = {isa = PBXBuildFile; fileRef = 840601BE1EE2D356000DF39A /* LoginViewController.swift */; };
		849C20321EE1A05500866D1B /* AppDelegate.swift in Sources */ = {isa = PBXBuildFile; fileRef = 849C20311EE1A05500866D1B /* AppDelegate.swift */; };
		849C20371EE1A05500866D1B /* Main.storyboard in Resources */ = {isa = PBXBuildFile; fileRef = 849C20351EE1A05500866D1B /* Main.storyboard */; };
		849C20391EE1A05500866D1B /* Assets.xcassets in Resources */ = {isa = PBXBuildFile; fileRef = 849C20381EE1A05500866D1B /* Assets.xcassets */; };
		849C203C1EE1A05500866D1B /* LaunchScreen.storyboard in Resources */ = {isa = PBXBuildFile; fileRef = 849C203A1EE1A05500866D1B /* LaunchScreen.storyboard */; };
		84BCD96C1EE1A37500B80197 /* SwotseApi.swift in Sources */ = {isa = PBXBuildFile; fileRef = 84BCD96B1EE1A37500B80197 /* SwotseApi.swift */; };
		84BCD96F1EE1A3A000B80197 /* HelperInstance.swift in Sources */ = {isa = PBXBuildFile; fileRef = 84BCD96E1EE1A3A000B80197 /* HelperInstance.swift */; };
		84BCD9711EE1A3BC00B80197 /* Extensions.swift in Sources */ = {isa = PBXBuildFile; fileRef = 84BCD9701EE1A3BC00B80197 /* Extensions.swift */; };
		84BCD9761EE1A5BE00B80197 /* AllUsersTableViewController.swift in Sources */ = {isa = PBXBuildFile; fileRef = 84BCD9751EE1A5BE00B80197 /* AllUsersTableViewController.swift */; };
		84BCD9791EE1E00900B80197 /* User.swift in Sources */ = {isa = PBXBuildFile; fileRef = 84BCD9781EE1E00900B80197 /* User.swift */; };
/* End PBXBuildFile section */

/* Begin PBXFileReference section */
		472FB650A2769791C954C15C /* Pods_SwaggerTestTask.framework */ = {isa = PBXFileReference; explicitFileType = wrapper.framework; includeInIndex = 0; path = Pods_SwaggerTestTask.framework; sourceTree = BUILT_PRODUCTS_DIR; };
		748FA1CAC81958F78C38C032 /* Pods-SwaggerTestTask.debug.xcconfig */ = {isa = PBXFileReference; includeInIndex = 1; lastKnownFileType = text.xcconfig; name = "Pods-SwaggerTestTask.debug.xcconfig"; path = "Pods/Target Support Files/Pods-SwaggerTestTask/Pods-SwaggerTestTask.debug.xcconfig"; sourceTree = "<group>"; };
		840601BE1EE2D356000DF39A /* LoginViewController.swift */ = {isa = PBXFileReference; fileEncoding = 4; lastKnownFileType = sourcecode.swift; path = LoginViewController.swift; sourceTree = "<group>"; };
		849C202E1EE1A05500866D1B /* SwaggerTestTask.app */ = {isa = PBXFileReference; explicitFileType = wrapper.application; includeInIndex = 0; path = SwaggerTestTask.app; sourceTree = BUILT_PRODUCTS_DIR; };
		849C20311EE1A05500866D1B /* AppDelegate.swift */ = {isa = PBXFileReference; lastKnownFileType = sourcecode.swift; path = AppDelegate.swift; sourceTree = "<group>"; };
		849C20361EE1A05500866D1B /* Base */ = {isa = PBXFileReference; lastKnownFileType = file.storyboard; name = Base; path = Base.lproj/Main.storyboard; sourceTree = "<group>"; };
		849C20381EE1A05500866D1B /* Assets.xcassets */ = {isa = PBXFileReference; lastKnownFileType = folder.assetcatalog; path = Assets.xcassets; sourceTree = "<group>"; };
		849C203B1EE1A05500866D1B /* Base */ = {isa = PBXFileReference; lastKnownFileType = file.storyboard; name = Base; path = Base.lproj/LaunchScreen.storyboard; sourceTree = "<group>"; };
		849C203D1EE1A05600866D1B /* Info.plist */ = {isa = PBXFileReference; lastKnownFileType = text.plist.xml; path = Info.plist; sourceTree = "<group>"; };
		84BCD96B1EE1A37500B80197 /* SwotseApi.swift */ = {isa = PBXFileReference; fileEncoding = 4; lastKnownFileType = sourcecode.swift; path = SwotseApi.swift; sourceTree = "<group>"; };
		84BCD96E1EE1A3A000B80197 /* HelperInstance.swift */ = {isa = PBXFileReference; fileEncoding = 4; lastKnownFileType = sourcecode.swift; path = HelperInstance.swift; sourceTree = "<group>"; };
		84BCD9701EE1A3BC00B80197 /* Extensions.swift */ = {isa = PBXFileReference; fileEncoding = 4; lastKnownFileType = sourcecode.swift; path = Extensions.swift; sourceTree = "<group>"; };
		84BCD9751EE1A5BE00B80197 /* AllUsersTableViewController.swift */ = {isa = PBXFileReference; fileEncoding = 4; lastKnownFileType = sourcecode.swift; path = AllUsersTableViewController.swift; sourceTree = "<group>"; };
		84BCD9781EE1E00900B80197 /* User.swift */ = {isa = PBXFileReference; fileEncoding = 4; lastKnownFileType = sourcecode.swift; path = User.swift; sourceTree = "<group>"; };
		C10117303CA824F5FAD6C153 /* Pods-SwaggerTestTask.release.xcconfig */ = {isa = PBXFileReference; includeInIndex = 1; lastKnownFileType = text.xcconfig; name = "Pods-SwaggerTestTask.release.xcconfig"; path = "Pods/Target Support Files/Pods-SwaggerTestTask/Pods-SwaggerTestTask.release.xcconfig"; sourceTree = "<group>"; };
/* End PBXFileReference section */

/* Begin PBXFrameworksBuildPhase section */
		849C202B1EE1A05500866D1B /* Frameworks */ = {
			isa = PBXFrameworksBuildPhase;
			buildActionMask = 2147483647;
			files = (
				6D926F0256DA76950969A119 /* Pods_SwaggerTestTask.framework in Frameworks */,
			);
			runOnlyForDeploymentPostprocessing = 0;
		};
/* End PBXFrameworksBuildPhase section */

/* Begin PBXGroup section */
		849C20251EE1A05500866D1B = {
			isa = PBXGroup;
			children = (
				849C20301EE1A05500866D1B /* SwaggerTestTask */,
				849C202F1EE1A05500866D1B /* Products */,
				890B14AF5D47934F0C96907F /* Pods */,
				886557EAE36F2595C340DDEC /* Frameworks */,
			);
			sourceTree = "<group>";
		};
		849C202F1EE1A05500866D1B /* Products */ = {
			isa = PBXGroup;
			children = (
				849C202E1EE1A05500866D1B /* SwaggerTestTask.app */,
			);
			name = Products;
			sourceTree = "<group>";
		};
		849C20301EE1A05500866D1B /* SwaggerTestTask */ = {
			isa = PBXGroup;
			children = (
				84BCD9771EE1DF0F00B80197 /* SingleTons */,
				84BCD9721EE1A3F700B80197 /* Models */,
				84BCD9731EE1A40200B80197 /* Views */,
				84BCD9741EE1A40800B80197 /* Controllers */,
				84BCD96D1EE1A38900B80197 /* Helpers */,
			);
			path = SwaggerTestTask;
			sourceTree = "<group>";
		};
		84BCD96D1EE1A38900B80197 /* Helpers */ = {
			isa = PBXGroup;
			children = (
				84BCD9701EE1A3BC00B80197 /* Extensions.swift */,
				849C20381EE1A05500866D1B /* Assets.xcassets */,
				849C203A1EE1A05500866D1B /* LaunchScreen.storyboard */,
				849C203D1EE1A05600866D1B /* Info.plist */,
			);
			name = Helpers;
			sourceTree = "<group>";
		};
		84BCD9721EE1A3F700B80197 /* Models */ = {
			isa = PBXGroup;
			children = (
				84BCD9781EE1E00900B80197 /* User.swift */,
			);
			name = Models;
			sourceTree = "<group>";
		};
		84BCD9731EE1A40200B80197 /* Views */ = {
			isa = PBXGroup;
			children = (
				849C20351EE1A05500866D1B /* Main.storyboard */,
			);
			name = Views;
			sourceTree = "<group>";
		};
		84BCD9741EE1A40800B80197 /* Controllers */ = {
			isa = PBXGroup;
			children = (
				840601BE1EE2D356000DF39A /* LoginViewController.swift */,
				84BCD9751EE1A5BE00B80197 /* AllUsersTableViewController.swift */,
			);
			name = Controllers;
			sourceTree = "<group>";
		};
		84BCD9771EE1DF0F00B80197 /* SingleTons */ = {
			isa = PBXGroup;
			children = (
				849C20311EE1A05500866D1B /* AppDelegate.swift */,
				84BCD96B1EE1A37500B80197 /* SwotseApi.swift */,
				84BCD96E1EE1A3A000B80197 /* HelperInstance.swift */,
			);
			name = SingleTons;
			sourceTree = "<group>";
		};
		886557EAE36F2595C340DDEC /* Frameworks */ = {
			isa = PBXGroup;
			children = (
				472FB650A2769791C954C15C /* Pods_SwaggerTestTask.framework */,
			);
			name = Frameworks;
			sourceTree = "<group>";
		};
		890B14AF5D47934F0C96907F /* Pods */ = {
			isa = PBXGroup;
			children = (
				748FA1CAC81958F78C38C032 /* Pods-SwaggerTestTask.debug.xcconfig */,
				C10117303CA824F5FAD6C153 /* Pods-SwaggerTestTask.release.xcconfig */,
			);
			name = Pods;
			sourceTree = "<group>";
		};
/* End PBXGroup section */

/* Begin PBXNativeTarget section */
		849C202D1EE1A05500866D1B /* SwaggerTestTask */ = {
			isa = PBXNativeTarget;
			buildConfigurationList = 849C20401EE1A05600866D1B /* Build configuration list for PBXNativeTarget "SwaggerTestTask" */;
			buildPhases = (
				3104C6BDA7660F6FDAB93E98 /* [CP] Check Pods Manifest.lock */,
				849C202A1EE1A05500866D1B /* Sources */,
				849C202B1EE1A05500866D1B /* Frameworks */,
				849C202C1EE1A05500866D1B /* Resources */,
				61D29E91472AB8C3F81BA36B /* [CP] Embed Pods Frameworks */,
				5CBD18526D6D44122E077E2E /* [CP] Copy Pods Resources */,
			);
			buildRules = (
			);
			dependencies = (
			);
			name = SwaggerTestTask;
			productName = SwaggerTestTask;
			productReference = 849C202E1EE1A05500866D1B /* SwaggerTestTask.app */;
			productType = "com.apple.product-type.application";
		};
/* End PBXNativeTarget section */

/* Begin PBXProject section */
		849C20261EE1A05500866D1B /* Project object */ = {
			isa = PBXProject;
			attributes = {
				LastSwiftUpdateCheck = 0820;
				LastUpgradeCheck = 0820;
				ORGANIZATIONNAME = rusel95;
				TargetAttributes = {
					849C202D1EE1A05500866D1B = {
						CreatedOnToolsVersion = 8.2.1;
						DevelopmentTeam = FWHF624C4H;
						ProvisioningStyle = Automatic;
					};
				};
			};
			buildConfigurationList = 849C20291EE1A05500866D1B /* Build configuration list for PBXProject "SwaggerTestTask" */;
			compatibilityVersion = "Xcode 3.2";
			developmentRegion = English;
			hasScannedForEncodings = 0;
			knownRegions = (
				en,
				Base,
			);
			mainGroup = 849C20251EE1A05500866D1B;
			productRefGroup = 849C202F1EE1A05500866D1B /* Products */;
			projectDirPath = "";
			projectRoot = "";
			targets = (
				849C202D1EE1A05500866D1B /* SwaggerTestTask */,
			);
		};
/* End PBXProject section */

/* Begin PBXResourcesBuildPhase section */
		849C202C1EE1A05500866D1B /* Resources */ = {
			isa = PBXResourcesBuildPhase;
			buildActionMask = 2147483647;
			files = (
				849C203C1EE1A05500866D1B /* LaunchScreen.storyboard in Resources */,
				849C20391EE1A05500866D1B /* Assets.xcassets in Resources */,
				849C20371EE1A05500866D1B /* Main.storyboard in Resources */,
			);
			runOnlyForDeploymentPostprocessing = 0;
		};
/* End PBXResourcesBuildPhase section */

/* Begin PBXShellScriptBuildPhase section */
		3104C6BDA7660F6FDAB93E98 /* [CP] Check Pods Manifest.lock */ = {
			isa = PBXShellScriptBuildPhase;
			buildActionMask = 2147483647;
			files = (
			);
			inputPaths = (
			);
			name = "[CP] Check Pods Manifest.lock";
			outputPaths = (
			);
			runOnlyForDeploymentPostprocessing = 0;
			shellPath = /bin/sh;
			shellScript = "diff \"${PODS_ROOT}/../Podfile.lock\" \"${PODS_ROOT}/Manifest.lock\" > /dev/null\nif [ $? != 0 ] ; then\n    # print error to STDERR\n    echo \"error: The sandbox is not in sync with the Podfile.lock. Run 'pod install' or update your CocoaPods installation.\" >&2\n    exit 1\nfi\n";
			showEnvVarsInLog = 0;
		};
		5CBD18526D6D44122E077E2E /* [CP] Copy Pods Resources */ = {
			isa = PBXShellScriptBuildPhase;
			buildActionMask = 2147483647;
			files = (
			);
			inputPaths = (
			);
			name = "[CP] Copy Pods Resources";
			outputPaths = (
			);
			runOnlyForDeploymentPostprocessing = 0;
			shellPath = /bin/sh;
			shellScript = "\"${SRCROOT}/Pods/Target Support Files/Pods-SwaggerTestTask/Pods-SwaggerTestTask-resources.sh\"\n";
			showEnvVarsInLog = 0;
		};
		61D29E91472AB8C3F81BA36B /* [CP] Embed Pods Frameworks */ = {
			isa = PBXShellScriptBuildPhase;
			buildActionMask = 2147483647;
			files = (
			);
			inputPaths = (
			);
			name = "[CP] Embed Pods Frameworks";
			outputPaths = (
			);
			runOnlyForDeploymentPostprocessing = 0;
			shellPath = /bin/sh;
			shellScript = "\"${SRCROOT}/Pods/Target Support Files/Pods-SwaggerTestTask/Pods-SwaggerTestTask-frameworks.sh\"\n";
			showEnvVarsInLog = 0;
		};
/* End PBXShellScriptBuildPhase section */

/* Begin PBXSourcesBuildPhase section */
		849C202A1EE1A05500866D1B /* Sources */ = {
			isa = PBXSourcesBuildPhase;
			buildActionMask = 2147483647;
			files = (
				840601BF1EE2D356000DF39A /* LoginViewController.swift in Sources */,
				84BCD9791EE1E00900B80197 /* User.swift in Sources */,
				84BCD9711EE1A3BC00B80197 /* Extensions.swift in Sources */,
				84BCD96F1EE1A3A000B80197 /* HelperInstance.swift in Sources */,
				84BCD9761EE1A5BE00B80197 /* AllUsersTableViewController.swift in Sources */,
				849C20321EE1A05500866D1B /* AppDelegate.swift in Sources */,
				84BCD96C1EE1A37500B80197 /* SwotseApi.swift in Sources */,
			);
			runOnlyForDeploymentPostprocessing = 0;
		};
/* End PBXSourcesBuildPhase section */

/* Begin PBXVariantGroup section */
		849C20351EE1A05500866D1B /* Main.storyboard */ = {
			isa = PBXVariantGroup;
			children = (
				849C20361EE1A05500866D1B /* Base */,
			);
			name = Main.storyboard;
			sourceTree = "<group>";
		};
		849C203A1EE1A05500866D1B /* LaunchScreen.storyboard */ = {
			isa = PBXVariantGroup;
			children = (
				849C203B1EE1A05500866D1B /* Base */,
			);
			name = LaunchScreen.storyboard;
			sourceTree = "<group>";
		};
/* End PBXVariantGroup section */

/* Begin XCBuildConfiguration section */
		849C203E1EE1A05600866D1B /* Debug */ = {
			isa = XCBuildConfiguration;
			buildSettings = {
				ALWAYS_SEARCH_USER_PATHS = NO;
				CLANG_ANALYZER_NONNULL = YES;
				CLANG_CXX_LANGUAGE_STANDARD = "gnu++0x";
				CLANG_CXX_LIBRARY = "libc++";
				CLANG_ENABLE_MODULES = YES;
				CLANG_ENABLE_OBJC_ARC = YES;
				CLANG_WARN_BOOL_CONVERSION = YES;
				CLANG_WARN_CONSTANT_CONVERSION = YES;
				CLANG_WARN_DIRECT_OBJC_ISA_USAGE = YES_ERROR;
				CLANG_WARN_DOCUMENTATION_COMMENTS = YES;
				CLANG_WARN_EMPTY_BODY = YES;
				CLANG_WARN_ENUM_CONVERSION = YES;
				CLANG_WARN_INFINITE_RECURSION = YES;
				CLANG_WARN_INT_CONVERSION = YES;
				CLANG_WARN_OBJC_ROOT_CLASS = YES_ERROR;
				CLANG_WARN_SUSPICIOUS_MOVE = YES;
				CLANG_WARN_UNREACHABLE_CODE = YES;
				CLANG_WARN__DUPLICATE_METHOD_MATCH = YES;
				"CODE_SIGN_IDENTITY[sdk=iphoneos*]" = "iPhone Developer";
				COPY_PHASE_STRIP = NO;
				DEBUG_INFORMATION_FORMAT = dwarf;
				ENABLE_STRICT_OBJC_MSGSEND = YES;
				ENABLE_TESTABILITY = YES;
				GCC_C_LANGUAGE_STANDARD = gnu99;
				GCC_DYNAMIC_NO_PIC = NO;
				GCC_NO_COMMON_BLOCKS = YES;
				GCC_OPTIMIZATION_LEVEL = 0;
				GCC_PREPROCESSOR_DEFINITIONS = (
					"DEBUG=1",
					"$(inherited)",
				);
				GCC_WARN_64_TO_32_BIT_CONVERSION = YES;
				GCC_WARN_ABOUT_RETURN_TYPE = YES_ERROR;
				GCC_WARN_UNDECLARED_SELECTOR = YES;
				GCC_WARN_UNINITIALIZED_AUTOS = YES_AGGRESSIVE;
				GCC_WARN_UNUSED_FUNCTION = YES;
				GCC_WARN_UNUSED_VARIABLE = YES;
				IPHONEOS_DEPLOYMENT_TARGET = 10.2;
				MTL_ENABLE_DEBUG_INFO = YES;
				ONLY_ACTIVE_ARCH = YES;
				SDKROOT = iphoneos;
				SWIFT_ACTIVE_COMPILATION_CONDITIONS = DEBUG;
				SWIFT_OPTIMIZATION_LEVEL = "-Onone";
			};
			name = Debug;
		};
		849C203F1EE1A05600866D1B /* Release */ = {
			isa = XCBuildConfiguration;
			buildSettings = {
				ALWAYS_SEARCH_USER_PATHS = NO;
				CLANG_ANALYZER_NONNULL = YES;
				CLANG_CXX_LANGUAGE_STANDARD = "gnu++0x";
				CLANG_CXX_LIBRARY = "libc++";
				CLANG_ENABLE_MODULES = YES;
				CLANG_ENABLE_OBJC_ARC = YES;
				CLANG_WARN_BOOL_CONVERSION = YES;
				CLANG_WARN_CONSTANT_CONVERSION = YES;
				CLANG_WARN_DIRECT_OBJC_ISA_USAGE = YES_ERROR;
				CLANG_WARN_DOCUMENTATION_COMMENTS = YES;
				CLANG_WARN_EMPTY_BODY = YES;
				CLANG_WARN_ENUM_CONVERSION = YES;
				CLANG_WARN_INFINITE_RECURSION = YES;
				CLANG_WARN_INT_CONVERSION = YES;
				CLANG_WARN_OBJC_ROOT_CLASS = YES_ERROR;
				CLANG_WARN_SUSPICIOUS_MOVE = YES;
				CLANG_WARN_UNREACHABLE_CODE = YES;
				CLANG_WARN__DUPLICATE_METHOD_MATCH = YES;
				"CODE_SIGN_IDENTITY[sdk=iphoneos*]" = "iPhone Developer";
				COPY_PHASE_STRIP = NO;
				DEBUG_INFORMATION_FORMAT = "dwarf-with-dsym";
				ENABLE_NS_ASSERTIONS = NO;
				ENABLE_STRICT_OBJC_MSGSEND = YES;
				GCC_C_LANGUAGE_STANDARD = gnu99;
				GCC_NO_COMMON_BLOCKS = YES;
				GCC_WARN_64_TO_32_BIT_CONVERSION = YES;
				GCC_WARN_ABOUT_RETURN_TYPE = YES_ERROR;
				GCC_WARN_UNDECLARED_SELECTOR = YES;
				GCC_WARN_UNINITIALIZED_AUTOS = YES_AGGRESSIVE;
				GCC_WARN_UNUSED_FUNCTION = YES;
				GCC_WARN_UNUSED_VARIABLE = YES;
				IPHONEOS_DEPLOYMENT_TARGET = 10.2;
				MTL_ENABLE_DEBUG_INFO = NO;
				SDKROOT = iphoneos;
				SWIFT_OPTIMIZATION_LEVEL = "-Owholemodule";
				VALIDATE_PRODUCT = YES;
			};
			name = Release;
		};
		849C20411EE1A05600866D1B /* Debug */ = {
			isa = XCBuildConfiguration;
			baseConfigurationReference = 748FA1CAC81958F78C38C032 /* Pods-SwaggerTestTask.debug.xcconfig */;
			buildSettings = {
				ASSETCATALOG_COMPILER_APPICON_NAME = AppIcon;
				DEVELOPMENT_TEAM = FWHF624C4H;
				INFOPLIST_FILE = SwaggerTestTask/Info.plist;
				IPHONEOS_DEPLOYMENT_TARGET = 10.0;
				LD_RUNPATH_SEARCH_PATHS = "$(inherited) @executable_path/Frameworks";
				PRODUCT_BUNDLE_IDENTIFIER = com.rusel95.SwaggerTestTask;
				PRODUCT_NAME = "$(TARGET_NAME)";
				SWIFT_VERSION = 3.0;
			};
			name = Debug;
		};
		849C20421EE1A05600866D1B /* Release */ = {
			isa = XCBuildConfiguration;
			baseConfigurationReference = C10117303CA824F5FAD6C153 /* Pods-SwaggerTestTask.release.xcconfig */;
			buildSettings = {
				ASSETCATALOG_COMPILER_APPICON_NAME = AppIcon;
				DEVELOPMENT_TEAM = FWHF624C4H;
				INFOPLIST_FILE = SwaggerTestTask/Info.plist;
				IPHONEOS_DEPLOYMENT_TARGET = 10.0;
				LD_RUNPATH_SEARCH_PATHS = "$(inherited) @executable_path/Frameworks";
				PRODUCT_BUNDLE_IDENTIFIER = com.rusel95.SwaggerTestTask;
				PRODUCT_NAME = "$(TARGET_NAME)";
				SWIFT_VERSION = 3.0;
			};
			name = Release;
		};
/* End XCBuildConfiguration section */

/* Begin XCConfigurationList section */
		849C20291EE1A05500866D1B /* Build configuration list for PBXProject "SwaggerTestTask" */ = {
			isa = XCConfigurationList;
			buildConfigurations = (
				849C203E1EE1A05600866D1B /* Debug */,
				849C203F1EE1A05600866D1B /* Release */,
			);
			defaultConfigurationIsVisible = 0;
			defaultConfigurationName = Release;
		};
		849C20401EE1A05600866D1B /* Build configuration list for PBXNativeTarget "SwaggerTestTask" */ = {
			isa = XCConfigurationList;
			buildConfigurations = (
				849C20411EE1A05600866D1B /* Debug */,
				849C20421EE1A05600866D1B /* Release */,
			);
			defaultConfigurationIsVisible = 0;
			defaultConfigurationName = Release;
		};
/* End XCConfigurationList section */
	};
	rootObject = 849C20261EE1A05500866D1B /* Project object */;
}
